
Microsoft Visual Studio Solution File, Format Version 12.00
# Visual Studio Version 16
VisualStudioVersion = 16.0.30804.86
MinimumVisualStudioVersion = 10.0.40219.1
Project("{9A19103F-16F7-4668-BE54-9A1E7A4F7556}") = "1.1.1.SimpleFactory", "1.CreationalPatterns\1.1.FactoryPatterns\1.1.1.SimpleFactory\1.1.1.SimpleFactory.csproj", "{98698104-2862-43DA-81B4-19895F8461A8}"
EndProject
Project("{9A19103F-16F7-4668-BE54-9A1E7A4F7556}") = "1.1.2.FactoryMethod", "1.CreationalPatterns\1.1.FactoryPatterns\1.1.2.FactoryMethod\1.1.2.FactoryMethod.csproj", "{E5B072CC-2828-42EB-8F38-70CE41812895}"
EndProject
Project("{9A19103F-16F7-4668-BE54-9A1E7A4F7556}") = "1.1.3.AbstractFactory", "1.CreationalPatterns\1.1.FactoryPatterns\1.1.3.AbstractFactory\1.1.3.AbstractFactory.csproj", "{392297EB-11E4-40C6-B7FB-79E84FC78B80}"
EndProject
Project("{9A19103F-16F7-4668-BE54-9A1E7A4F7556}") = "1.2.1.Signleton", "1.CreationalPatterns\1.2.SignalPatterns\1.2.1.Signleton\1.2.1.Signleton.csproj", "{9DA1C745-D975-424B-B072-35F6D7EC4650}"
EndProject
Project("{2150E333-8FDC-42A3-9474-1A3956D46DE8}") = "1.1.FactoryPatterns", "1.1.FactoryPatterns", "{E1ED5A07-A6DF-41A4-A121-A3D26D241F7A}"
EndProject
Project("{2150E333-8FDC-42A3-9474-1A3956D46DE8}") = "1.2.SignaltonPatterns", "1.2.SignaltonPatterns", "{1F0F6BD3-AD3F-46C0-9837-3D372A07366B}"
EndProject
Project("{2150E333-8FDC-42A3-9474-1A3956D46DE8}") = "1.3.BuilderPatterns", "1.3.BuilderPatterns", "{915C2811-62BD-4C38-8585-D16FCC242634}"
EndProject
Project("{9A19103F-16F7-4668-BE54-9A1E7A4F7556}") = "1.3.BuilderPatterns", "1.CreationalPatterns\1.3.BuilderPatterns\1.3.BuilderPatterns.csproj", "{18496C29-894C-4AC2-B094-3F6977DAA94D}"
EndProject
Project("{2150E333-8FDC-42A3-9474-1A3956D46DE8}") = "1.4.PrototypeModel", "1.4.PrototypeModel", "{83AEBF99-08E0-410C-8EBE-7A4D258E4E9F}"
EndProject
Project("{9A19103F-16F7-4668-BE54-9A1E7A4F7556}") = "1.4.PrototypeModel", "1.CreationalPatterns\1.4.PrototypeModel\1.4.PrototypeModel.csproj", "{36F5B55C-6EA5-44C8-AB39-60119C468847}"
EndProject
Project("{2150E333-8FDC-42A3-9474-1A3956D46DE8}") = "2.StructuralPatterns", "2.StructuralPatterns", "{8C1F6F21-85F8-4DA7-95E8-0D6F0C58CD69}"
EndProject
Project("{9A19103F-16F7-4668-BE54-9A1E7A4F7556}") = "2.1.AdapterModel", "2.StructuralPatterns\2.1.AdapterModel\2.1.AdapterModel.csproj", "{5888AFE1-F378-40BB-B511-1388333D67E1}"
EndProject
Project("{2150E333-8FDC-42A3-9474-1A3956D46DE8}") = "3.BehaviourPatterns", "3.BehaviourPatterns", "{0F8FE868-5872-44FD-A554-7181D30314A7}"
EndProject
Project("{2150E333-8FDC-42A3-9474-1A3956D46DE8}") = "1.CreationalPatterns", "1.CreationalPatterns", "{78DBDA3E-BDCF-4E17-9747-6635DE3516D7}"
EndProject
Project("{9A19103F-16F7-4668-BE54-9A1E7A4F7556}") = "2.2.BridgeModel", "2.StructuralPatterns\2.2.BridgeModel\2.2.BridgeModel.csproj", "{68BA2A3D-F902-44D3-8E3E-A47E5DED8640}"
EndProject
Project("{9A19103F-16F7-4668-BE54-9A1E7A4F7556}") = "2.3.CompoundModel", "2.StructuralPatterns\2.3.CompoundModel\2.3.CompoundModel.csproj", "{995DEF08-E7D9-4401-A2E1-C8CBBDE8AF2A}"
EndProject
Project("{9A19103F-16F7-4668-BE54-9A1E7A4F7556}") = "2.4.DecorativeModel", "2.StructuralPatterns\2.4.DecorativeModel\2.4.DecorativeModel.csproj", "{4DD9BE3F-6B37-4F2A-8772-BA25B169ABA9}"
EndProject
Project("{9A19103F-16F7-4668-BE54-9A1E7A4F7556}") = "2.5.FacadeModel", "2.StructuralPatterns\2.5.FacadeModel\2.5.FacadeModel.csproj", "{60B8B0B1-F543-4D67-82C4-DE03DE2AC7F6}"
EndProject
Project("{9A19103F-16F7-4668-BE54-9A1E7A4F7556}") = "2.6.FlyWeightModel", "2.StructuralPatterns\2.6.FlyWeightModel\2.6.FlyWeightModel.csproj", "{9787F605-1E06-4E8D-BD72-E23641B7FE9B}"
EndProject
Project("{9A19103F-16F7-4668-BE54-9A1E7A4F7556}") = "2.7.ProxyModel", "2.StructuralPatterns\2.7.ProxyModel\2.7.ProxyModel.csproj", "{F6FD405B-227F-4635-B950-6AE14B711F0D}"
EndProject
Project("{9A19103F-16F7-4668-BE54-9A1E7A4F7556}") = "3.1.InterpreterPattern", "3.BehaviourPatterns\3.1.InterpreterPattern\3.1.InterpreterPattern.csproj", "{9701BD7E-A04C-4CBE-8166-D9FD8459F0BC}"
EndProject
Project("{9A19103F-16F7-4668-BE54-9A1E7A4F7556}") = "3.2.IteratorPattern", "3.BehaviourPatterns\3.2.IteratorPattern\3.2.IteratorPattern.csproj", "{C0884CA0-6306-4758-B820-DC92918C895F}"
EndProject
Project("{9A19103F-16F7-4668-BE54-9A1E7A4F7556}") = "3.3.MediatorPattern", "3.BehaviourPatterns\3.3.MediatorPattern\3.3.MediatorPattern.csproj", "{6AD1DA20-5960-4F85-A6F9-C9839B7A1C80}"
EndProject
Project("{9A19103F-16F7-4668-BE54-9A1E7A4F7556}") = "3.4.MementoPattern", "3.BehaviourPatterns\3.4.MementoPattern\3.4.MementoPattern.csproj", "{D9A71998-3DCE-4BB6-8EE5-024BA7E4F383}"
EndProject
Project("{FAE04EC0-301F-11D3-BF4B-00C04F79EFBC}") = "3.5.ChainofResponsibilityPattern", "3.BehaviourPatterns\3.5.ChainofResponsibilityPattern\3.5.ChainofResponsibilityPattern.csproj", "{BBA3FC75-0070-4957-9BCF-74264CDEF2F1}"
EndProject
Global
	GlobalSection(SolutionConfigurationPlatforms) = preSolution
		Debug|Any CPU = Debug|Any CPU
		Release|Any CPU = Release|Any CPU
	EndGlobalSection
	GlobalSection(ProjectConfigurationPlatforms) = postSolution
		{98698104-2862-43DA-81B4-19895F8461A8}.Debug|Any CPU.ActiveCfg = Debug|Any CPU
		{98698104-2862-43DA-81B4-19895F8461A8}.Debug|Any CPU.Build.0 = Debug|Any CPU
		{98698104-2862-43DA-81B4-19895F8461A8}.Release|Any CPU.ActiveCfg = Release|Any CPU
		{98698104-2862-43DA-81B4-19895F8461A8}.Release|Any CPU.Build.0 = Release|Any CPU
		{E5B072CC-2828-42EB-8F38-70CE41812895}.Debug|Any CPU.ActiveCfg = Debug|Any CPU
		{E5B072CC-2828-42EB-8F38-70CE41812895}.Debug|Any CPU.Build.0 = Debug|Any CPU
		{E5B072CC-2828-42EB-8F38-70CE41812895}.Release|Any CPU.ActiveCfg = Release|Any CPU
		{E5B072CC-2828-42EB-8F38-70CE41812895}.Release|Any CPU.Build.0 = Release|Any CPU
		{392297EB-11E4-40C6-B7FB-79E84FC78B80}.Debug|Any CPU.ActiveCfg = Debug|Any CPU
		{392297EB-11E4-40C6-B7FB-79E84FC78B80}.Debug|Any CPU.Build.0 = Debug|Any CPU
		{392297EB-11E4-40C6-B7FB-79E84FC78B80}.Release|Any CPU.ActiveCfg = Release|Any CPU
		{392297EB-11E4-40C6-B7FB-79E84FC78B80}.Release|Any CPU.Build.0 = Release|Any CPU
		{9DA1C745-D975-424B-B072-35F6D7EC4650}.Debug|Any CPU.ActiveCfg = Debug|Any CPU
		{9DA1C745-D975-424B-B072-35F6D7EC4650}.Debug|Any CPU.Build.0 = Debug|Any CPU
		{9DA1C745-D975-424B-B072-35F6D7EC4650}.Release|Any CPU.ActiveCfg = Release|Any CPU
		{9DA1C745-D975-424B-B072-35F6D7EC4650}.Release|Any CPU.Build.0 = Release|Any CPU
		{18496C29-894C-4AC2-B094-3F6977DAA94D}.Debug|Any CPU.ActiveCfg = Debug|Any CPU
		{18496C29-894C-4AC2-B094-3F6977DAA94D}.Debug|Any CPU.Build.0 = Debug|Any CPU
		{18496C29-894C-4AC2-B094-3F6977DAA94D}.Release|Any CPU.ActiveCfg = Release|Any CPU
		{18496C29-894C-4AC2-B094-3F6977DAA94D}.Release|Any CPU.Build.0 = Release|Any CPU
		{36F5B55C-6EA5-44C8-AB39-60119C468847}.Debug|Any CPU.ActiveCfg = Debug|Any CPU
		{36F5B55C-6EA5-44C8-AB39-60119C468847}.Debug|Any CPU.Build.0 = Debug|Any CPU
		{36F5B55C-6EA5-44C8-AB39-60119C468847}.Release|Any CPU.ActiveCfg = Release|Any CPU
		{36F5B55C-6EA5-44C8-AB39-60119C468847}.Release|Any CPU.Build.0 = Release|Any CPU
		{5888AFE1-F378-40BB-B511-1388333D67E1}.Debug|Any CPU.ActiveCfg = Debug|Any CPU
		{5888AFE1-F378-40BB-B511-1388333D67E1}.Debug|Any CPU.Build.0 = Debug|Any CPU
		{5888AFE1-F378-40BB-B511-1388333D67E1}.Release|Any CPU.ActiveCfg = Release|Any CPU
		{5888AFE1-F378-40BB-B511-1388333D67E1}.Release|Any CPU.Build.0 = Release|Any CPU
		{68BA2A3D-F902-44D3-8E3E-A47E5DED8640}.Debug|Any CPU.ActiveCfg = Debug|Any CPU
		{68BA2A3D-F902-44D3-8E3E-A47E5DED8640}.Debug|Any CPU.Build.0 = Debug|Any CPU
		{68BA2A3D-F902-44D3-8E3E-A47E5DED8640}.Release|Any CPU.ActiveCfg = Release|Any CPU
		{68BA2A3D-F902-44D3-8E3E-A47E5DED8640}.Release|Any CPU.Build.0 = Release|Any CPU
		{995DEF08-E7D9-4401-A2E1-C8CBBDE8AF2A}.Debug|Any CPU.ActiveCfg = Debug|Any CPU
		{995DEF08-E7D9-4401-A2E1-C8CBBDE8AF2A}.Debug|Any CPU.Build.0 = Debug|Any CPU
		{995DEF08-E7D9-4401-A2E1-C8CBBDE8AF2A}.Release|Any CPU.ActiveCfg = Release|Any CPU
		{995DEF08-E7D9-4401-A2E1-C8CBBDE8AF2A}.Release|Any CPU.Build.0 = Release|Any CPU
		{4DD9BE3F-6B37-4F2A-8772-BA25B169ABA9}.Debug|Any CPU.ActiveCfg = Debug|Any CPU
		{4DD9BE3F-6B37-4F2A-8772-BA25B169ABA9}.Debug|Any CPU.Build.0 = Debug|Any CPU
		{4DD9BE3F-6B37-4F2A-8772-BA25B169ABA9}.Release|Any CPU.ActiveCfg = Release|Any CPU
		{4DD9BE3F-6B37-4F2A-8772-BA25B169ABA9}.Release|Any CPU.Build.0 = Release|Any CPU
		{60B8B0B1-F543-4D67-82C4-DE03DE2AC7F6}.Debug|Any CPU.ActiveCfg = Debug|Any CPU
		{60B8B0B1-F543-4D67-82C4-DE03DE2AC7F6}.Debug|Any CPU.Build.0 = Debug|Any CPU
		{60B8B0B1-F543-4D67-82C4-DE03DE2AC7F6}.Release|Any CPU.ActiveCfg = Release|Any CPU
		{60B8B0B1-F543-4D67-82C4-DE03DE2AC7F6}.Release|Any CPU.Build.0 = Release|Any CPU
		{9787F605-1E06-4E8D-BD72-E23641B7FE9B}.Debug|Any CPU.ActiveCfg = Debug|Any CPU
		{9787F605-1E06-4E8D-BD72-E23641B7FE9B}.Debug|Any CPU.Build.0 = Debug|Any CPU
		{9787F605-1E06-4E8D-BD72-E23641B7FE9B}.Release|Any CPU.ActiveCfg = Release|Any CPU
		{9787F605-1E06-4E8D-BD72-E23641B7FE9B}.Release|Any CPU.Build.0 = Release|Any CPU
		{F6FD405B-227F-4635-B950-6AE14B711F0D}.Debug|Any CPU.ActiveCfg = Debug|Any CPU
		{F6FD405B-227F-4635-B950-6AE14B711F0D}.Debug|Any CPU.Build.0 = Debug|Any CPU
		{F6FD405B-227F-4635-B950-6AE14B711F0D}.Release|Any CPU.ActiveCfg = Release|Any CPU
		{F6FD405B-227F-4635-B950-6AE14B711F0D}.Release|Any CPU.Build.0 = Release|Any CPU
		{9701BD7E-A04C-4CBE-8166-D9FD8459F0BC}.Debug|Any CPU.ActiveCfg = Debug|Any CPU
		{9701BD7E-A04C-4CBE-8166-D9FD8459F0BC}.Debug|Any CPU.Build.0 = Debug|Any CPU
		{9701BD7E-A04C-4CBE-8166-D9FD8459F0BC}.Release|Any CPU.ActiveCfg = Release|Any CPU
		{9701BD7E-A04C-4CBE-8166-D9FD8459F0BC}.Release|Any CPU.Build.0 = Release|Any CPU
		{C0884CA0-6306-4758-B820-DC92918C895F}.Debug|Any CPU.ActiveCfg = Debug|Any CPU
		{C0884CA0-6306-4758-B820-DC92918C895F}.Debug|Any CPU.Build.0 = Debug|Any CPU
		{C0884CA0-6306-4758-B820-DC92918C895F}.Release|Any CPU.ActiveCfg = Release|Any CPU
		{C0884CA0-6306-4758-B820-DC92918C895F}.Release|Any CPU.Build.0 = Release|Any CPU
		{6AD1DA20-5960-4F85-A6F9-C9839B7A1C80}.Debug|Any CPU.ActiveCfg = Debug|Any CPU
		{6AD1DA20-5960-4F85-A6F9-C9839B7A1C80}.Debug|Any CPU.Build.0 = Debug|Any CPU
		{6AD1DA20-5960-4F85-A6F9-C9839B7A1C80}.Release|Any CPU.ActiveCfg = Release|Any CPU
		{6AD1DA20-5960-4F85-A6F9-C9839B7A1C80}.Release|Any CPU.Build.0 = Release|Any CPU
		{D9A71998-3DCE-4BB6-8EE5-024BA7E4F383}.Debug|Any CPU.ActiveCfg = Debug|Any CPU
		{D9A71998-3DCE-4BB6-8EE5-024BA7E4F383}.Debug|Any CPU.Build.0 = Debug|Any CPU
		{D9A71998-3DCE-4BB6-8EE5-024BA7E4F383}.Release|Any CPU.ActiveCfg = Release|Any CPU
		{D9A71998-3DCE-4BB6-8EE5-024BA7E4F383}.Release|Any CPU.Build.0 = Release|Any CPU
		{BBA3FC75-0070-4957-9BCF-74264CDEF2F1}.Debug|Any CPU.ActiveCfg = Debug|Any CPU
		{BBA3FC75-0070-4957-9BCF-74264CDEF2F1}.Debug|Any CPU.Build.0 = Debug|Any CPU
		{BBA3FC75-0070-4957-9BCF-74264CDEF2F1}.Release|Any CPU.ActiveCfg = Release|Any CPU
		{BBA3FC75-0070-4957-9BCF-74264CDEF2F1}.Release|Any CPU.Build.0 = Release|Any CPU
	EndGlobalSection
	GlobalSection(SolutionProperties) = preSolution
		HideSolutionNode = FALSE
	EndGlobalSection
	GlobalSection(NestedProjects) = preSolution
		{98698104-2862-43DA-81B4-19895F8461A8} = {E1ED5A07-A6DF-41A4-A121-A3D26D241F7A}
		{E5B072CC-2828-42EB-8F38-70CE41812895} = {E1ED5A07-A6DF-41A4-A121-A3D26D241F7A}
		{392297EB-11E4-40C6-B7FB-79E84FC78B80} = {E1ED5A07-A6DF-41A4-A121-A3D26D241F7A}
		{9DA1C745-D975-424B-B072-35F6D7EC4650} = {1F0F6BD3-AD3F-46C0-9837-3D372A07366B}
		{E1ED5A07-A6DF-41A4-A121-A3D26D241F7A} = {78DBDA3E-BDCF-4E17-9747-6635DE3516D7}
		{1F0F6BD3-AD3F-46C0-9837-3D372A07366B} = {78DBDA3E-BDCF-4E17-9747-6635DE3516D7}
		{915C2811-62BD-4C38-8585-D16FCC242634} = {78DBDA3E-BDCF-4E17-9747-6635DE3516D7}
		{18496C29-894C-4AC2-B094-3F6977DAA94D} = {915C2811-62BD-4C38-8585-D16FCC242634}
		{83AEBF99-08E0-410C-8EBE-7A4D258E4E9F} = {78DBDA3E-BDCF-4E17-9747-6635DE3516D7}
		{36F5B55C-6EA5-44C8-AB39-60119C468847} = {83AEBF99-08E0-410C-8EBE-7A4D258E4E9F}
		{5888AFE1-F378-40BB-B511-1388333D67E1} = {8C1F6F21-85F8-4DA7-95E8-0D6F0C58CD69}
		{68BA2A3D-F902-44D3-8E3E-A47E5DED8640} = {8C1F6F21-85F8-4DA7-95E8-0D6F0C58CD69}
		{995DEF08-E7D9-4401-A2E1-C8CBBDE8AF2A} = {8C1F6F21-85F8-4DA7-95E8-0D6F0C58CD69}
		{4DD9BE3F-6B37-4F2A-8772-BA25B169ABA9} = {8C1F6F21-85F8-4DA7-95E8-0D6F0C58CD69}
		{60B8B0B1-F543-4D67-82C4-DE03DE2AC7F6} = {8C1F6F21-85F8-4DA7-95E8-0D6F0C58CD69}
		{9787F605-1E06-4E8D-BD72-E23641B7FE9B} = {8C1F6F21-85F8-4DA7-95E8-0D6F0C58CD69}
		{F6FD405B-227F-4635-B950-6AE14B711F0D} = {8C1F6F21-85F8-4DA7-95E8-0D6F0C58CD69}
		{9701BD7E-A04C-4CBE-8166-D9FD8459F0BC} = {0F8FE868-5872-44FD-A554-7181D30314A7}
		{C0884CA0-6306-4758-B820-DC92918C895F} = {0F8FE868-5872-44FD-A554-7181D30314A7}
		{6AD1DA20-5960-4F85-A6F9-C9839B7A1C80} = {0F8FE868-5872-44FD-A554-7181D30314A7}
		{D9A71998-3DCE-4BB6-8EE5-024BA7E4F383} = {0F8FE868-5872-44FD-A554-7181D30314A7}
		{BBA3FC75-0070-4957-9BCF-74264CDEF2F1} = {0F8FE868-5872-44FD-A554-7181D30314A7}
	EndGlobalSection
	GlobalSection(ExtensibilityGlobals) = postSolution
		SolutionGuid = {4823B831-8B97-4D57-83CF-DD7FDF29AC1C}
	EndGlobalSection
EndGlobal
